{
  "name": "@adobe/griffon-toolkit",
  "version": "1.3.0",
  "lockfileVersion": 2,
  "requires": true,
  "packages": {
    "": {
      "name": "@adobe/griffon-toolkit",
      "version": "1.3.0",
      "license": "Apache-2.0",
      "dependencies": {
        "jmespath": "^0.15.0",
        "ramda": "^0.27.0"
      },
      "devDependencies": {
        "@types/jmespath": "^0.15.0",
        "@types/ramda": "^0.27.45"
      }
    },
    "node_modules/@types/jmespath": {
      "version": "0.15.0",
      "resolved": "https://registry.npmjs.org/@types/jmespath/-/jmespath-0.15.0.tgz",
      "integrity": "sha1-SgFikJaoYjHIkaDi3szBX1PJKR0=",
      "dev": true
    },
    "node_modules/@types/ramda": {
      "version": "0.27.45",
      "resolved": "https://registry.npmjs.org/@types/ramda/-/ramda-0.27.45.tgz",
      "integrity": "sha512-WDH7bIuy+JQHzYx6jgo+ytSHco/J+DWaUfxXQ2eBjilxIj4rG0aqQNU56AtO5Tem9hmx8na2ouSAtn5Tz8RePQ==",
      "dev": true,
      "dependencies": {
        "ts-toolbelt": "^6.15.1"
      }
    },
    "node_modules/jmespath": {
      "version": "0.15.0",
      "resolved": "https://registry.npmjs.org/jmespath/-/jmespath-0.15.0.tgz",
      "integrity": "sha1-o/Iiqarp+Wb10nx5ZRDigJF2Qhc=",
      "engines": {
        "node": ">= 0.6.0"
      }
    },
    "node_modules/ramda": {
      "version": "0.27.0",
      "resolved": "https://registry.npmjs.org/ramda/-/ramda-0.27.0.tgz",
      "integrity": "sha512-pVzZdDpWwWqEVVLshWUHjNwuVP7SfcmPraYuqocJp1yo2U1R7P+5QAfDhdItkuoGqIBnBYrtPp7rEPqDn9HlZA=="
    },
    "node_modules/ts-toolbelt": {
      "version": "6.15.5",
      "resolved": "https://registry.npmjs.org/ts-toolbelt/-/ts-toolbelt-6.15.5.tgz",
      "integrity": "sha512-FZIXf1ksVyLcfr7M317jbB67XFJhOO1YqdTcuGaq9q5jLUoTikukZ+98TPjKiP2jC5CgmYdWWYs0s2nLSU0/1A==",
      "dev": true
    }
  },
  "dependencies": {
    "@types/jmespath": {
      "version": "0.15.0",
      "resolved": "https://registry.npmjs.org/@types/jmespath/-/jmespath-0.15.0.tgz",
      "integrity": "sha1-SgFikJaoYjHIkaDi3szBX1PJKR0=",
      "dev": true
    },
    "@types/ramda": {
      "version": "0.27.45",
      "resolved": "https://registry.npmjs.org/@types/ramda/-/ramda-0.27.45.tgz",
      "integrity": "sha512-WDH7bIuy+JQHzYx6jgo+ytSHco/J+DWaUfxXQ2eBjilxIj4rG0aqQNU56AtO5Tem9hmx8na2ouSAtn5Tz8RePQ==",
      "dev": true,
      "requires": {
        "ts-toolbelt": "^6.15.1"
      }
    },
    "jmespath": {
      "version": "0.15.0",
      "resolved": "https://registry.npmjs.org/jmespath/-/jmespath-0.15.0.tgz",
      "integrity": "sha1-o/Iiqarp+Wb10nx5ZRDigJF2Qhc="
    },
    "ramda": {
      "version": "0.27.0",
      "resolved": "https://registry.npmjs.org/ramda/-/ramda-0.27.0.tgz",
      "integrity": "sha512-pVzZdDpWwWqEVVLshWUHjNwuVP7SfcmPraYuqocJp1yo2U1R7P+5QAfDhdItkuoGqIBnBYrtPp7rEPqDn9HlZA=="
    },
    "ts-toolbelt": {
      "version": "6.15.5",
      "resolved": "https://registry.npmjs.org/ts-toolbelt/-/ts-toolbelt-6.15.5.tgz",
      "integrity": "sha512-FZIXf1ksVyLcfr7M317jbB67XFJhOO1YqdTcuGaq9q5jLUoTikukZ+98TPjKiP2jC5CgmYdWWYs0s2nLSU0/1A==",
      "dev": true
    }
  }
}
